<?xml version="1.0" encoding="utf-8"?>
<Project ToolsVersion="4.0" xmlns="http://schemas.microsoft.com/developer/msbuild/2003">
  <ItemGroup>
    <Filter Include="Source Files">
      <UniqueIdentifier>{7e6e627b-b6e0-452f-847f-5a5ecc09197e}</UniqueIdentifier>
      <Extensions>cpp;c;cxx;rc;def;r;odl;idl;hpj;bat</Extensions>
    </Filter>
    <Filter Include="Header Files">
      <UniqueIdentifier>{35654729-f89b-4620-b691-7a09c5fbebed}</UniqueIdentifier>
      <Extensions>h;hpp;hxx;hm;inl</Extensions>
    </Filter>
    <Filter Include="Resource Files">
      <UniqueIdentifier>{7a50d1f7-4f26-4365-87b9-05ae38653a0a}</UniqueIdentifier>
      <Extensions>ico;cur;bmp;dlg;rc2;rct;bin;rgs;gif;jpg;jpeg;jpe</Extensions>
    </Filter>
  </ItemGroup>
  <ItemGroup>
    <ClCompile Include="AboutDlg.cpp">
      <Filter>Source Files</Filter>
    </ClCompile>
    <ClCompile Include="DebugSymbols.cpp">
      <Filter>Source Files</Filter>
    </ClCompile>
    <ClCompile Include="DP.cpp">
      <Filter>Source Files</Filter>
    </ClCompile>
    <ClCompile Include="ExportView.cpp">
      <Filter>Source Files</Filter>
    </ClCompile>
    <ClCompile Include="FindDlg.cpp">
      <Filter>Source Files</Filter>
    </ClCompile>
    <ClCompile Include="FindResultsView.cpp">
      <Filter>Source Files</Filter>
    </ClCompile>
    <ClCompile Include="HookedDlg.cpp">
      <Filter>Source Files</Filter>
    </ClCompile>
    <ClCompile Include="HookedStructures.cpp">
      <Filter>Source Files</Filter>
    </ClCompile>
    <ClCompile Include="HookManager.cpp">
      <Filter>Source Files</Filter>
    </ClCompile>
    <ClCompile Include="MainFrm.cpp">
      <Filter>Source Files</Filter>
    </ClCompile>
    <ClCompile Include="OptionsDlg.cpp">
      <Filter>Source Files</Filter>
    </ClCompile>
    <ClCompile Include="OptionsStorage.cpp">
      <Filter>Source Files</Filter>
    </ClCompile>
    <ClCompile Include="ProcessView.cpp">
      <Filter>Source Files</Filter>
    </ClCompile>
    <ClCompile Include="RunningProcesses.cpp">
      <Filter>Source Files</Filter>
    </ClCompile>
    <ClCompile Include="stdafx.cpp">
      <Filter>Source Files</Filter>
    </ClCompile>
    <ClCompile Include="TraceSink.cpp">
      <Filter>Source Files</Filter>
    </ClCompile>
    <ClCompile Include="TraceView.cpp">
      <Filter>Source Files</Filter>
    </ClCompile>
  </ItemGroup>
  <ItemGroup>
    <Midl Include="DP.idl">
      <Filter>Source Files</Filter>
    </Midl>
  </ItemGroup>
  <ItemGroup>
    <ResourceCompile Include="DP.rc">
      <Filter>Source Files</Filter>
    </ResourceCompile>
  </ItemGroup>
  <ItemGroup>
    <ClInclude Include="aboutdlg.h">
      <Filter>Header Files</Filter>
    </ClInclude>
    <ClInclude Include="constant.h">
      <Filter>Header Files</Filter>
    </ClInclude>
    <ClInclude Include="DebugSymbols.h">
      <Filter>Header Files</Filter>
    </ClInclude>
    <ClInclude Include="ExportedItemFinder.h">
      <Filter>Header Files</Filter>
    </ClInclude>
    <ClInclude Include="ExportView.h">
      <Filter>Header Files</Filter>
    </ClInclude>
    <ClInclude Include="FindDlg.h">
      <Filter>Header Files</Filter>
    </ClInclude>
    <ClInclude Include="FindResultsView.h">
      <Filter>Header Files</Filter>
    </ClInclude>
    <ClInclude Include="FunctionFile.h">
      <Filter>Header Files</Filter>
    </ClInclude>
    <ClInclude Include="HookedDlg.h">
      <Filter>Header Files</Filter>
    </ClInclude>
    <ClInclude Include="HookedStructures.h">
      <Filter>Header Files</Filter>
    </ClInclude>
    <ClInclude Include="HookManager.h">
      <Filter>Header Files</Filter>
    </ClInclude>
    <ClInclude Include="IFindOperationCallback.h">
      <Filter>Header Files</Filter>
    </ClInclude>
    <ClInclude Include="ItemData.h">
      <Filter>Header Files</Filter>
    </ClInclude>
    <ClInclude Include="MainFrm.h">
      <Filter>Header Files</Filter>
    </ClInclude>
    <ClInclude Include="MsdnScraper.h">
      <Filter>Header Files</Filter>
    </ClInclude>
    <ClInclude Include="OptionsDlg.h">
      <Filter>Header Files</Filter>
    </ClInclude>
    <ClInclude Include="OptionsStorage.h">
      <Filter>Header Files</Filter>
    </ClInclude>
    <ClInclude Include="ProcessView.h">
      <Filter>Header Files</Filter>
    </ClInclude>
    <ClInclude Include="resource.h">
      <Filter>Header Files</Filter>
    </ClInclude>
    <ClInclude Include="RunningProcesses.h">
      <Filter>Header Files</Filter>
    </ClInclude>
    <ClInclude Include="SingleInstance.h">
      <Filter>Header Files</Filter>
    </ClInclude>
    <ClInclude Include="stdafx.h">
      <Filter>Header Files</Filter>
    </ClInclude>
    <ClInclude Include="StringParser.h">
      <Filter>Header Files</Filter>
    </ClInclude>
    <ClInclude Include="SymbolInfo.h">
      <Filter>Header Files</Filter>
    </ClInclude>
    <ClInclude Include="TracePacket.h">
      <Filter>Header Files</Filter>
    </ClInclude>
    <ClInclude Include="TraceSink.h">
      <Filter>Header Files</Filter>
    </ClInclude>
    <ClInclude Include="TraceView.h">
      <Filter>Header Files</Filter>
    </ClInclude>
    <ClInclude Include="smarts.h">
      <Filter>Header Files</Filter>
    </ClInclude>
  </ItemGroup>
  <ItemGroup>
    <None Include="DP.ico">
      <Filter>Resource Files</Filter>
    </None>
    <None Include="DP.rgs">
      <Filter>Resource Files</Filter>
    </None>
    <None Include="modules.bmp">
      <Filter>Resource Files</Filter>
    </None>
    <None Include="toolbar.bmp">
      <Filter>Resource Files</Filter>
    </None>
    <None Include="TraceListener.rgs">
      <Filter>Resource Files</Filter>
    </None>
  </ItemGroup>
</Project>