<?xml version="1.0" encoding="utf-8"?>
<Project ToolsVersion="4.0" xmlns="http://schemas.microsoft.com/developer/msbuild/2003">
  <ItemGroup>
    <Filter Include="Source Files">
      <UniqueIdentifier>{7d8e72a9-7fd4-4abb-b7b6-43a1a262fbf1}</UniqueIdentifier>
      <Extensions>cpp;c;cxx;rc;def;r;odl;idl;hpj;bat</Extensions>
    </Filter>
    <Filter Include="Header Files">
      <UniqueIdentifier>{48293ac6-e1d7-4d19-ba63-40698aa28c1b}</UniqueIdentifier>
      <Extensions>h;hpp;hxx;hm;inl</Extensions>
    </Filter>
    <Filter Include="Resource Files">
      <UniqueIdentifier>{df45a057-3f5b-42b9-9d02-935faf1b1e76}</UniqueIdentifier>
      <Extensions>ico;cur;bmp;dlg;rc2;rct;bin;rgs;gif;jpg;jpeg;jpe</Extensions>
    </Filter>
  </ItemGroup>
  <ItemGroup>
    <ClCompile Include="CallStackParam.cpp">
      <Filter>Source Files</Filter>
    </ClCompile>
    <ClCompile Include="CInterfaceLayer.cpp">
      <Filter>Source Files</Filter>
    </ClCompile>
    <ClCompile Include="DPInfiltrator.cpp">
      <Filter>Source Files</Filter>
    </ClCompile>
    <ClCompile Include="DynHooker.cpp">
      <Filter>Source Files</Filter>
    </ClCompile>
    <ClCompile Include="HookCoCreateInstance.cpp">
      <Filter>Source Files</Filter>
    </ClCompile>
    <ClCompile Include="Infiltrator.cpp">
      <Filter>Source Files</Filter>
    </ClCompile>
    <ClCompile Include="LogicalThreadMgr.cpp">
      <Filter>Source Files</Filter>
    </ClCompile>
    <ClCompile Include="StdAfx.cpp">
      <Filter>Source Files</Filter>
    </ClCompile>
    <ClCompile Include="TraceDispatcher.cpp">
      <Filter>Source Files</Filter>
    </ClCompile>
  </ItemGroup>
  <ItemGroup>
    <None Include="DPInfiltrator.def">
      <Filter>Source Files</Filter>
    </None>
  </ItemGroup>
  <ItemGroup>
    <ResourceCompile Include="DPInfiltrator.rc">
      <Filter>Source Files</Filter>
    </ResourceCompile>
  </ItemGroup>
  <ItemGroup>
    <ClInclude Include="CallStackParam.h">
      <Filter>Header Files</Filter>
    </ClInclude>
    <ClInclude Include="DynHooker.h">
      <Filter>Header Files</Filter>
    </ClInclude>
    <ClInclude Include="HookCoCreateInstance.h">
      <Filter>Header Files</Filter>
    </ClInclude>
    <ClInclude Include="HookContext.h">
      <Filter>Header Files</Filter>
    </ClInclude>
    <ClInclude Include="HookedFunctionListener.h">
      <Filter>Header Files</Filter>
    </ClInclude>
    <ClInclude Include="Infiltrator.h">
      <Filter>Header Files</Filter>
    </ClInclude>
    <ClInclude Include="LogicalThreadMgr.h">
      <Filter>Header Files</Filter>
    </ClInclude>
    <ClInclude Include="ParameterTypes.h">
      <Filter>Header Files</Filter>
    </ClInclude>
    <ClInclude Include="resource.h">
      <Filter>Header Files</Filter>
    </ClInclude>
    <ClInclude Include="StdAfx.h">
      <Filter>Header Files</Filter>
    </ClInclude>
    <ClInclude Include="TraceDispatcher.h">
      <Filter>Header Files</Filter>
    </ClInclude>
    <ClInclude Include="Callstack.h">
      <Filter>Header Files</Filter>
    </ClInclude>
  </ItemGroup>
</Project>